
Microsoft Visual Studio Solution File, Format Version 12.00
Project("{FAE04EC0-301F-11D3-BF4B-00C04F79EFBC}") = "TransportCard", "TransportCard\TransportCard.csproj", "{EB170F5A-475C-4485-A194-4153F37D70F8}"
EndProject
Global
	GlobalSection(SolutionConfigurationPlatforms) = preSolution
		Debug|Any CPU = Debug|Any CPU
		Release|Any CPU = Release|Any CPU
	EndGlobalSection
	GlobalSection(ProjectConfigurationPlatforms) = postSolution
		{EB170F5A-475C-4485-A194-4153F37D70F8}.Debug|Any CPU.ActiveCfg = Debug|Any CPU
		{EB170F5A-475C-4485-A194-4153F37D70F8}.Debug|Any CPU.Build.0 = Debug|Any CPU
		{EB170F5A-475C-4485-A194-4153F37D70F8}.Release|Any CPU.ActiveCfg = Release|Any CPU
		{EB170F5A-475C-4485-A194-4153F37D70F8}.Release|Any CPU.Build.0 = Release|Any CPU
	EndGlobalSection
EndGlobal
